
Microsoft Visual Studio Solution File, Format Version 12.00
# Visual Studio Version 17
VisualStudioVersion = 17.14.36616.10
MinimumVisualStudioVersion = 10.0.40219.1
Project("{FAE04EC0-301F-11D3-BF4B-00C04F79EFBC}") = "ApiAgendamento", "ApiAgendamento\ApiAgendamento.csproj", "{3303FD4C-54DD-409F-B791-2E72C90903E6}"
EndProject
Project("{2150E333-8FDC-42A3-9474-1A3956D46DE8}") = "Solution Items", "Solution Items", "{02EA681E-C7D8-13C7-8484-4AC65E1B71E8}"
EndProject
Project("{FAE04EC0-301F-11D3-BF4B-00C04F79EFBC}") = "AgendamentoApp", "AgendamentoApp\AgendamentoApp.csproj", "{7AA57834-ECCD-4FE0-8C56-1A5125AA786E}"
EndProject
Global
	GlobalSection(SolutionConfigurationPlatforms) = preSolution
		Debug|Any CPU = Debug|Any CPU
		Release|Any CPU = Release|Any CPU
	EndGlobalSection
	GlobalSection(ProjectConfigurationPlatforms) = postSolution
		{3303FD4C-54DD-409F-B791-2E72C90903E6}.Debug|Any CPU.ActiveCfg = Debug|Any CPU
		{3303FD4C-54DD-409F-B791-2E72C90903E6}.Debug|Any CPU.Build.0 = Debug|Any CPU
		{3303FD4C-54DD-409F-B791-2E72C90903E6}.Release|Any CPU.ActiveCfg = Release|Any CPU
		{3303FD4C-54DD-409F-B791-2E72C90903E6}.Release|Any CPU.Build.0 = Release|Any CPU
		{7AA57834-ECCD-4FE0-8C56-1A5125AA786E}.Debug|Any CPU.ActiveCfg = Debug|Any CPU
		{7AA57834-ECCD-4FE0-8C56-1A5125AA786E}.Debug|Any CPU.Build.0 = Debug|Any CPU
		{7AA57834-ECCD-4FE0-8C56-1A5125AA786E}.Release|Any CPU.ActiveCfg = Release|Any CPU
		{7AA57834-ECCD-4FE0-8C56-1A5125AA786E}.Release|Any CPU.Build.0 = Release|Any CPU
	EndGlobalSection
	GlobalSection(SolutionProperties) = preSolution
		HideSolutionNode = FALSE
	EndGlobalSection
	GlobalSection(ExtensibilityGlobals) = postSolution
		SolutionGuid = {0757F35E-4A34-4EFD-A46D-D27355051B1F}
	EndGlobalSection
EndGlobal
